
Microsoft Visual Studio Solution File, Format Version 12.00
# Visual Studio Version 17
VisualStudioVersion = 17.4.33103.184
MinimumVisualStudioVersion = 10.0.40219.1
Project("{9A19103F-16F7-4668-BE54-9A1E7A4F7556}") = "IPS", "IPS\IPS.csproj", "{05E1640F-7B18-4499-A855-807582B7E899}"
EndProject
Global
	GlobalSection(SolutionConfigurationPlatforms) = preSolution
		Debug|Any CPU = Debug|Any CPU
		Release|Any CPU = Release|Any CPU
	EndGlobalSection
	GlobalSection(ProjectConfigurationPlatforms) = postSolution
		{05E1640F-7B18-4499-A855-807582B7E899}.Debug|Any CPU.ActiveCfg = Debug|Any CPU
		{05E1640F-7B18-4499-A855-807582B7E899}.Debug|Any CPU.Build.0 = Debug|Any CPU
		{05E1640F-7B18-4499-A855-807582B7E899}.Release|Any CPU.ActiveCfg = Release|Any CPU
		{05E1640F-7B18-4499-A855-807582B7E899}.Release|Any CPU.Build.0 = Release|Any CPU
	EndGlobalSection
	GlobalSection(SolutionProperties) = preSolution
		HideSolutionNode = FALSE
	EndGlobalSection
	GlobalSection(ExtensibilityGlobals) = postSolution
		SolutionGuid = {EF087748-4EEF-4F1A-BF5F-8FD86291AF03}
	EndGlobalSection
EndGlobal
